
Microsoft Visual Studio Solution File, Format Version 12.00
# Visual Studio Version 17
VisualStudioVersion = 17.8.34330.188
MinimumVisualStudioVersion = 10.0.40219.1
Project("{9A19103F-16F7-4668-BE54-9A1E7A4F7556}") = "Minesweeper", "Minesweeper\Minesweeper.csproj", "{10A9E1FD-128E-4FF0-931D-FEC555E5A386}"
EndProject
Project("{FAE04EC0-301F-11D3-BF4B-00C04F79EFBC}") = "Minesweeper.Tests", "Minesweeper.Tests\Minesweeper.Tests.csproj", "{6DB09838-E512-4793-8B26-ED706AE7C1B2}"
EndProject
Global
	GlobalSection(SolutionConfigurationPlatforms) = preSolution
		Debug|Any CPU = Debug|Any CPU
		Release|Any CPU = Release|Any CPU
	EndGlobalSection
	GlobalSection(ProjectConfigurationPlatforms) = postSolution
		{10A9E1FD-128E-4FF0-931D-FEC555E5A386}.Debug|Any CPU.ActiveCfg = Debug|Any CPU
		{10A9E1FD-128E-4FF0-931D-FEC555E5A386}.Debug|Any CPU.Build.0 = Debug|Any CPU
		{10A9E1FD-128E-4FF0-931D-FEC555E5A386}.Release|Any CPU.ActiveCfg = Release|Any CPU
		{10A9E1FD-128E-4FF0-931D-FEC555E5A386}.Release|Any CPU.Build.0 = Release|Any CPU
		{6DB09838-E512-4793-8B26-ED706AE7C1B2}.Debug|Any CPU.ActiveCfg = Debug|Any CPU
		{6DB09838-E512-4793-8B26-ED706AE7C1B2}.Debug|Any CPU.Build.0 = Debug|Any CPU
		{6DB09838-E512-4793-8B26-ED706AE7C1B2}.Release|Any CPU.ActiveCfg = Release|Any CPU
		{6DB09838-E512-4793-8B26-ED706AE7C1B2}.Release|Any CPU.Build.0 = Release|Any CPU
	EndGlobalSection
	GlobalSection(SolutionProperties) = preSolution
		HideSolutionNode = FALSE
	EndGlobalSection
	GlobalSection(ExtensibilityGlobals) = postSolution
		SolutionGuid = {7ADF4471-F988-482C-BF2B-07BB0EC04CCE}
	EndGlobalSection
EndGlobal
